
Microsoft Visual Studio Solution File, Format Version 12.00
# Visual Studio Version 16
VisualStudioVersion = 16.0.30503.244
MinimumVisualStudioVersion = 10.0.40219.1
Project("{FAE04EC0-301F-11D3-BF4B-00C04F79EFBC}") = "SPZ_Lab4", "SPZ_Lab4\SPZ_Lab4.csproj", "{118861B1-91D6-409E-A104-B9921DE51487}"
EndProject
Global
	GlobalSection(SolutionConfigurationPlatforms) = preSolution
		Debug|Any CPU = Debug|Any CPU
		Release|Any CPU = Release|Any CPU
	EndGlobalSection
	GlobalSection(ProjectConfigurationPlatforms) = postSolution
		{118861B1-91D6-409E-A104-B9921DE51487}.Debug|Any CPU.ActiveCfg = Debug|Any CPU
		{118861B1-91D6-409E-A104-B9921DE51487}.Debug|Any CPU.Build.0 = Debug|Any CPU
		{118861B1-91D6-409E-A104-B9921DE51487}.Release|Any CPU.ActiveCfg = Release|Any CPU
		{118861B1-91D6-409E-A104-B9921DE51487}.Release|Any CPU.Build.0 = Release|Any CPU
	EndGlobalSection
	GlobalSection(SolutionProperties) = preSolution
		HideSolutionNode = FALSE
	EndGlobalSection
	GlobalSection(ExtensibilityGlobals) = postSolution
		SolutionGuid = {55A88D9B-8142-40D4-ABF3-86488FF95016}
	EndGlobalSection
EndGlobal
